
Microsoft Visual Studio Solution File, Format Version 12.00
Project("{FAE04EC0-301F-11D3-BF4B-00C04F79EFBC}") = "FilesWatcher", "FilesWatcher\FilesWatcher.csproj", "{DE779060-02CE-4DDC-805F-B8086BA60F63}"
EndProject
Global
	GlobalSection(SolutionConfigurationPlatforms) = preSolution
		Debug|Any CPU = Debug|Any CPU
		Release|Any CPU = Release|Any CPU
	EndGlobalSection
	GlobalSection(ProjectConfigurationPlatforms) = postSolution
		{DE779060-02CE-4DDC-805F-B8086BA60F63}.Debug|Any CPU.ActiveCfg = Debug|Any CPU
		{DE779060-02CE-4DDC-805F-B8086BA60F63}.Debug|Any CPU.Build.0 = Debug|Any CPU
		{DE779060-02CE-4DDC-805F-B8086BA60F63}.Release|Any CPU.ActiveCfg = Release|Any CPU
		{DE779060-02CE-4DDC-805F-B8086BA60F63}.Release|Any CPU.Build.0 = Release|Any CPU
	EndGlobalSection
EndGlobal
